<?xml version="1.0" encoding="utf-8"?>
<Project ToolsVersion="4.0" xmlns="http://schemas.microsoft.com/developer/msbuild/2003">
  <ItemGroup>
    <Filter Include="Source Files">
      <UniqueIdentifier>{4FC737F1-C7A5-4376-A066-2A32D752A2FF}</UniqueIdentifier>
      <Extensions>cpp;c;cc;cxx;c++;cppm;ixx;def;odl;idl;hpj;bat;asm;asmx</Extensions>
    </Filter>
    <Filter Include="Header Files">
      <UniqueIdentifier>{93995380-89BD-4b04-88EB-625FBE52EBFB}</UniqueIdentifier>
      <Extensions>h;hh;hpp;hxx;h++;hm;inl;inc;ipp;xsd</Extensions>
    </Filter>
    <Filter Include="Resource Files">
      <UniqueIdentifier>{67DA6AB6-F800-4c08-8B7A-83BB121AAD01}</UniqueIdentifier>
      <Extensions>rc;ico;cur;bmp;dlg;rc2;rct;bin;rgs;gif;jpg;jpeg;jpe;resx;tiff;tif;png;wav;mfcribbon-ms</Extensions>
    </Filter>
    <Filter Include="Header Files\stock">
      <UniqueIdentifier>{824b9ba1-a90a-4143-9ed5-ad7dcd57c340}</UniqueIdentifier>
    </Filter>
    <Filter Include="Source Files\stock">
      <UniqueIdentifier>{21ab1499-5a64-4469-be46-c7fd974e33a3}</UniqueIdentifier>
    </Filter>
    <Filter Include="Header Files\base">
      <UniqueIdentifier>{cf37d233-7232-4f82-a4dd-310eea3d8046}</UniqueIdentifier>
    </Filter>
    <Filter Include="Source Files\base">
      <UniqueIdentifier>{e408b832-0c69-45aa-bbe3-edbce33e2357}</UniqueIdentifier>
    </Filter>
  </ItemGroup>
  <ItemGroup>
    <None Include="cpp.hint" />
  </ItemGroup>
  <ItemGroup>
    <ClInclude Include="pch.h">
      <Filter>Header Files\stock</Filter>
    </ClInclude>
    <ClInclude Include="framework.h">
      <Filter>Header Files\stock</Filter>
    </ClInclude>
    <ClInclude Include="babl.hpp">
      <Filter>Header Files\stock</Filter>
    </ClInclude>
    <ClInclude Include="babl-base.hpp">
      <Filter>Header Files\base</Filter>
    </ClInclude>
    <ClInclude Include="babl-trc.hpp">
      <Filter>Header Files\base</Filter>
    </ClInclude>
    <ClInclude Include="pow-24.hpp">
      <Filter>Header Files\base</Filter>
    </ClInclude>
    <ClInclude Include="util.hpp">
      <Filter>Header Files\base</Filter>
    </ClInclude>
    <ClInclude Include="babl-class.hpp">
      <Filter>Header Files</Filter>
    </ClInclude>
    <ClInclude Include="babl-classes.hpp">
      <Filter>Header Files</Filter>
    </ClInclude>
    <ClInclude Include="babl-component.hpp">
      <Filter>Header Files</Filter>
    </ClInclude>
    <ClInclude Include="babl-conversion.hpp">
      <Filter>Header Files</Filter>
    </ClInclude>
    <ClInclude Include="babl-cpuaccel.hpp">
      <Filter>Header Files</Filter>
    </ClInclude>
    <ClInclude Include="babl-db.hpp">
      <Filter>Header Files</Filter>
    </ClInclude>
    <ClInclude Include="babl-extension.hpp">
      <Filter>Header Files</Filter>
    </ClInclude>
    <ClInclude Include="babl-fish.hpp">
      <Filter>Header Files</Filter>
    </ClInclude>
    <ClInclude Include="babl-format.hpp">
      <Filter>Header Files</Filter>
    </ClInclude>
    <ClInclude Include="babl-hash-table.hpp">
      <Filter>Header Files</Filter>
    </ClInclude>
    <ClInclude Include="babl-ids.hpp">
      <Filter>Header Files</Filter>
    </ClInclude>
    <ClInclude Include="babl-image.hpp">
      <Filter>Header Files</Filter>
    </ClInclude>
    <ClInclude Include="babl-internal.hpp">
      <Filter>Header Files</Filter>
    </ClInclude>
    <ClInclude Include="babl-introspect.hpp">
      <Filter>Header Files</Filter>
    </ClInclude>
    <ClInclude Include="babl-list.hpp">
      <Filter>Header Files</Filter>
    </ClInclude>
    <ClInclude Include="babl-macros.hpp">
      <Filter>Header Files</Filter>
    </ClInclude>
    <ClInclude Include="babl-memory.hpp">
      <Filter>Header Files</Filter>
    </ClInclude>
    <ClInclude Include="babl-model.hpp">
      <Filter>Header Files</Filter>
    </ClInclude>
    <ClInclude Include="babl-mutex.hpp">
      <Filter>Header Files</Filter>
    </ClInclude>
    <ClInclude Include="babl-polynomial.hpp">
      <Filter>Header Files</Filter>
    </ClInclude>
    <ClInclude Include="babl-ref-pixels.hpp">
      <Filter>Header Files</Filter>
    </ClInclude>
    <ClInclude Include="babl-sampling.hpp">
      <Filter>Header Files</Filter>
    </ClInclude>
    <ClInclude Include="babl-shared-util.hpp">
      <Filter>Header Files</Filter>
    </ClInclude>
    <ClInclude Include="babl-space.hpp">
      <Filter>Header Files</Filter>
    </ClInclude>
    <ClInclude Include="babl-matrix.hpp">
      <Filter>Header Files</Filter>
    </ClInclude>
    <ClInclude Include="babl-type.hpp">
      <Filter>Header Files</Filter>
    </ClInclude>
    <ClInclude Include="babl-types.hpp">
      <Filter>Header Files</Filter>
    </ClInclude>
    <ClInclude Include="babl-util.hpp">
      <Filter>Header Files</Filter>
    </ClInclude>
    <ClInclude Include="babl-version.hpp">
      <Filter>Header Files</Filter>
    </ClInclude>
  </ItemGroup>
  <ItemGroup>
    <ClCompile Include="babl.cpp">
      <Filter>Source Files\stock</Filter>
    </ClCompile>
    <ClCompile Include="dllmain.cpp">
      <Filter>Source Files\stock</Filter>
    </ClCompile>
    <ClCompile Include="pch.cpp">
      <Filter>Source Files\stock</Filter>
    </ClCompile>
    <ClCompile Include="babl-base.cpp">
      <Filter>Source Files\base</Filter>
    </ClCompile>
    <ClCompile Include="babl-rgb-converter.cpp">
      <Filter>Source Files\base</Filter>
    </ClCompile>
    <ClCompile Include="babl-trc.cpp">
      <Filter>Source Files\base</Filter>
    </ClCompile>
    <ClCompile Include="formats.cpp">
      <Filter>Source Files\base</Filter>
    </ClCompile>
    <ClCompile Include="model-cmyk.cpp">
      <Filter>Source Files\base</Filter>
    </ClCompile>
    <ClCompile Include="model-gray.cpp">
      <Filter>Source Files\base</Filter>
    </ClCompile>
    <ClCompile Include="model-rgb.cpp">
      <Filter>Source Files\base</Filter>
    </ClCompile>
    <ClCompile Include="model-ycbcr.cpp">
      <Filter>Source Files\base</Filter>
    </ClCompile>
    <ClCompile Include="type-float.cpp">
      <Filter>Source Files\base</Filter>
    </ClCompile>
    <ClCompile Include="type-half.cpp">
      <Filter>Source Files\base</Filter>
    </ClCompile>
    <ClCompile Include="type-u8.cpp">
      <Filter>Source Files\base</Filter>
    </ClCompile>
    <ClCompile Include="type-u15.cpp">
      <Filter>Source Files\base</Filter>
    </ClCompile>
    <ClCompile Include="type-u16.cpp">
      <Filter>Source Files\base</Filter>
    </ClCompile>
    <ClCompile Include="type-u32.cpp">
      <Filter>Source Files\base</Filter>
    </ClCompile>
  </ItemGroup>
</Project>